
Microsoft Visual Studio Solution File, Format Version 12.00
# Visual Studio Version 17
VisualStudioVersion = 17.0.31903.59
MinimumVisualStudioVersion = 10.0.40219.1
Project("{FAE04EC0-301F-11D3-BF4B-00C04F79EFBC}") = "ARCN.API", "ARCN.API\ARCN.API.csproj", "{FC48E7DF-D6A3-4C47-BD67-33398AAA60F9}"
EndProject
Project("{2150E333-8FDC-42A3-9474-1A3956D46DE8}") = "src", "src", "{E33A82BE-9564-453C-B944-1F80EFF288D9}"
EndProject
Project("{FAE04EC0-301F-11D3-BF4B-00C04F79EFBC}") = "ARCN.Infrastructure", "ARCN.Infrastructure\ARCN.Infrastructure.csproj", "{B180B26B-B5A3-48C5-A713-0B67E6793182}"
EndProject
Project("{FAE04EC0-301F-11D3-BF4B-00C04F79EFBC}") = "ARCN.Domain", "ARCN.Domain\ARCN.Domain.csproj", "{C282749C-6B38-4F83-A9E1-0A7648769879}"
EndProject
Project("{FAE04EC0-301F-11D3-BF4B-00C04F79EFBC}") = "ARCN.Repository", "ARCN.Repository\ARCN.Repository.csproj", "{7BED95FC-FFB9-4A7B-9FCF-B482CA092AF2}"
EndProject
Project("{2150E333-8FDC-42A3-9474-1A3956D46DE8}") = "test", "test", "{9B2D8D2F-0576-4B6B-B4FA-D5FA6ED60397}"
EndProject
Project("{FAE04EC0-301F-11D3-BF4B-00C04F79EFBC}") = "ARCN.UnitTest", "ARCN.UnitTest\ARCN.UnitTest.csproj", "{1109AA2C-961F-4856-AB25-E38F02C9B7E6}"
EndProject
Project("{FAE04EC0-301F-11D3-BF4B-00C04F79EFBC}") = "ARCN.Application", "ARCN.Application\ARCN.Application.csproj", "{48574989-9CFD-4805-ACD4-588CEED4E7CC}"
EndProject
Global
	GlobalSection(SolutionConfigurationPlatforms) = preSolution
		Debug|Any CPU = Debug|Any CPU
		Release|Any CPU = Release|Any CPU
	EndGlobalSection
	GlobalSection(ProjectConfigurationPlatforms) = postSolution
		{FC48E7DF-D6A3-4C47-BD67-33398AAA60F9}.Debug|Any CPU.ActiveCfg = Debug|Any CPU
		{FC48E7DF-D6A3-4C47-BD67-33398AAA60F9}.Debug|Any CPU.Build.0 = Debug|Any CPU
		{FC48E7DF-D6A3-4C47-BD67-33398AAA60F9}.Release|Any CPU.ActiveCfg = Release|Any CPU
		{FC48E7DF-D6A3-4C47-BD67-33398AAA60F9}.Release|Any CPU.Build.0 = Release|Any CPU
		{B180B26B-B5A3-48C5-A713-0B67E6793182}.Debug|Any CPU.ActiveCfg = Debug|Any CPU
		{B180B26B-B5A3-48C5-A713-0B67E6793182}.Debug|Any CPU.Build.0 = Debug|Any CPU
		{B180B26B-B5A3-48C5-A713-0B67E6793182}.Release|Any CPU.ActiveCfg = Release|Any CPU
		{B180B26B-B5A3-48C5-A713-0B67E6793182}.Release|Any CPU.Build.0 = Release|Any CPU
		{C282749C-6B38-4F83-A9E1-0A7648769879}.Debug|Any CPU.ActiveCfg = Debug|Any CPU
		{C282749C-6B38-4F83-A9E1-0A7648769879}.Debug|Any CPU.Build.0 = Debug|Any CPU
		{C282749C-6B38-4F83-A9E1-0A7648769879}.Release|Any CPU.ActiveCfg = Release|Any CPU
		{C282749C-6B38-4F83-A9E1-0A7648769879}.Release|Any CPU.Build.0 = Release|Any CPU
		{7BED95FC-FFB9-4A7B-9FCF-B482CA092AF2}.Debug|Any CPU.ActiveCfg = Debug|Any CPU
		{7BED95FC-FFB9-4A7B-9FCF-B482CA092AF2}.Debug|Any CPU.Build.0 = Debug|Any CPU
		{7BED95FC-FFB9-4A7B-9FCF-B482CA092AF2}.Release|Any CPU.ActiveCfg = Release|Any CPU
		{7BED95FC-FFB9-4A7B-9FCF-B482CA092AF2}.Release|Any CPU.Build.0 = Release|Any CPU
		{1109AA2C-961F-4856-AB25-E38F02C9B7E6}.Debug|Any CPU.ActiveCfg = Debug|Any CPU
		{1109AA2C-961F-4856-AB25-E38F02C9B7E6}.Debug|Any CPU.Build.0 = Debug|Any CPU
		{1109AA2C-961F-4856-AB25-E38F02C9B7E6}.Release|Any CPU.ActiveCfg = Release|Any CPU
		{1109AA2C-961F-4856-AB25-E38F02C9B7E6}.Release|Any CPU.Build.0 = Release|Any CPU
		{48574989-9CFD-4805-ACD4-588CEED4E7CC}.Debug|Any CPU.ActiveCfg = Debug|Any CPU
		{48574989-9CFD-4805-ACD4-588CEED4E7CC}.Debug|Any CPU.Build.0 = Debug|Any CPU
		{48574989-9CFD-4805-ACD4-588CEED4E7CC}.Release|Any CPU.ActiveCfg = Release|Any CPU
		{48574989-9CFD-4805-ACD4-588CEED4E7CC}.Release|Any CPU.Build.0 = Release|Any CPU
	EndGlobalSection
	GlobalSection(SolutionProperties) = preSolution
		HideSolutionNode = FALSE
	EndGlobalSection
	GlobalSection(NestedProjects) = preSolution
		{FC48E7DF-D6A3-4C47-BD67-33398AAA60F9} = {E33A82BE-9564-453C-B944-1F80EFF288D9}
		{B180B26B-B5A3-48C5-A713-0B67E6793182} = {E33A82BE-9564-453C-B944-1F80EFF288D9}
		{C282749C-6B38-4F83-A9E1-0A7648769879} = {E33A82BE-9564-453C-B944-1F80EFF288D9}
		{7BED95FC-FFB9-4A7B-9FCF-B482CA092AF2} = {E33A82BE-9564-453C-B944-1F80EFF288D9}
		{1109AA2C-961F-4856-AB25-E38F02C9B7E6} = {9B2D8D2F-0576-4B6B-B4FA-D5FA6ED60397}
		{48574989-9CFD-4805-ACD4-588CEED4E7CC} = {E33A82BE-9564-453C-B944-1F80EFF288D9}
	EndGlobalSection
	GlobalSection(ExtensibilityGlobals) = postSolution
		SolutionGuid = {30AF8CCA-9964-42EA-B443-A53691D5D374}
	EndGlobalSection
EndGlobal
